
Microsoft Visual Studio Solution File, Format Version 11.00
# Visual Studio 2010
Project("{2150E333-8FDC-42A3-9474-1A3956D46DE8}") = "001.Business.Extendable", "001.Business.Extendable", "{840971B7-F509-4F62-8E6A-16E240396061}"
EndProject
Project("{2150E333-8FDC-42A3-9474-1A3956D46DE8}") = "002.Business", "002.Business", "{286F5546-AD40-4C7F-AD64-1270D9144DAF}"
EndProject
Project("{FAE04EC0-301F-11D3-BF4B-00C04F79EFBC}") = "Meek.Commerce.Extendable.Business", "..\Meek.Commerce.Extendable.Business\Meek.Commerce.Extendable.Business.csproj", "{D304B277-C7E8-450F-B9B7-52E68D78218D}"
EndProject
Project("{FAE04EC0-301F-11D3-BF4B-00C04F79EFBC}") = "Meek.Commerce.Business", "..\Meek.Commerce.Business\Meek.Commerce.Business.csproj", "{241D7D63-D368-43CD-AF0C-27AC6F59EA17}"
EndProject
Project("{FAE04EC0-301F-11D3-BF4B-00C04F79EFBC}") = "Test.Meek.Commerce.Extendable.Business", "..\Unit.Tests\Test.Meek.Commerce.Extendable.Business\Test.Meek.Commerce.Extendable.Business.csproj", "{F7333F25-3F92-43CD-A90C-106D0B7CAC6E}"
EndProject
Project("{FAE04EC0-301F-11D3-BF4B-00C04F79EFBC}") = "Test.Meek.Commerce.Business", "..\Unit.Tests\Test.Meek.Commerce.Business\Test.Meek.Commerce.Business.csproj", "{108A0BB2-32C1-4C4C-A77A-82FB5CC2E650}"
EndProject
Project("{2150E333-8FDC-42A3-9474-1A3956D46DE8}") = "004.StoreFront.Controller", "004.StoreFront.Controller", "{ADFACAF3-48B6-4EBE-B237-1D16086E3104}"
EndProject
Project("{2150E333-8FDC-42A3-9474-1A3956D46DE8}") = "005.StoreFront", "005.StoreFront", "{B08781E8-5628-4125-A492-6A463A80E327}"
EndProject
Project("{FAE04EC0-301F-11D3-BF4B-00C04F79EFBC}") = "Meek.Commerce.StoreFront", "..\Meek.Commerce.StoreFront\Meek.Commerce.StoreFront.csproj", "{AD779433-1266-4CBF-B3FE-3ADFB8A0FB2D}"
EndProject
Project("{FAE04EC0-301F-11D3-BF4B-00C04F79EFBC}") = "Meek.Commerce.StoreFront.Controllers", "..\Meek.Commerce.StoreFront.Controllers\Meek.Commerce.StoreFront.Controllers.csproj", "{0621FCDA-6915-4FCB-A690-937B04030E86}"
EndProject
Project("{FAE04EC0-301F-11D3-BF4B-00C04F79EFBC}") = "Test.Meek.Commerce.StoreFront.Controllers", "..\Unit.Tests\Test.Meek.Commerce.StoreFront.Controllers\Test.Meek.Commerce.StoreFront.Controllers.csproj", "{630D508B-0408-4A78-AFB7-D63BA1913708}"
EndProject
Project("{FAE04EC0-301F-11D3-BF4B-00C04F79EFBC}") = "Test.Meek.Commerce.StoreFront", "..\Unit.Tests\Test.Meek.Commerce.StoreFront\Test.Meek.Commerce.StoreFront.csproj", "{1CF23F99-805A-44FA-B14F-29D12F092226}"
EndProject
Project("{2150E333-8FDC-42A3-9474-1A3956D46DE8}") = "003.StoreFront.Helpers", "003.StoreFront.Helpers", "{049996EF-8340-45D1-9C5B-F28610215AA3}"
EndProject
Project("{FAE04EC0-301F-11D3-BF4B-00C04F79EFBC}") = "Meek.Commerce.StoreFront.Helpers", "..\Meek.Commerce.StoreFront.Helpers\Meek.Commerce.StoreFront.Helpers.csproj", "{22A5B321-7776-493B-9D5A-B7FD8601FBB6}"
EndProject
Project("{FAE04EC0-301F-11D3-BF4B-00C04F79EFBC}") = "Test.Meek.Commerce.StoreFront.Helpers", "..\Unit.Tests\Test.Meek.Commerce.StoreFront.Helpers\Test.Meek.Commerce.StoreFront.Helpers.csproj", "{26E10725-407F-43F5-8144-90F34E985158}"
EndProject
Global
	GlobalSection(SolutionConfigurationPlatforms) = preSolution
		Debug|Any CPU = Debug|Any CPU
		Release|Any CPU = Release|Any CPU
	EndGlobalSection
	GlobalSection(ProjectConfigurationPlatforms) = postSolution
		{D304B277-C7E8-450F-B9B7-52E68D78218D}.Debug|Any CPU.ActiveCfg = Debug|Any CPU
		{D304B277-C7E8-450F-B9B7-52E68D78218D}.Debug|Any CPU.Build.0 = Debug|Any CPU
		{D304B277-C7E8-450F-B9B7-52E68D78218D}.Release|Any CPU.ActiveCfg = Release|Any CPU
		{D304B277-C7E8-450F-B9B7-52E68D78218D}.Release|Any CPU.Build.0 = Release|Any CPU
		{241D7D63-D368-43CD-AF0C-27AC6F59EA17}.Debug|Any CPU.ActiveCfg = Debug|Any CPU
		{241D7D63-D368-43CD-AF0C-27AC6F59EA17}.Debug|Any CPU.Build.0 = Debug|Any CPU
		{241D7D63-D368-43CD-AF0C-27AC6F59EA17}.Release|Any CPU.ActiveCfg = Release|Any CPU
		{241D7D63-D368-43CD-AF0C-27AC6F59EA17}.Release|Any CPU.Build.0 = Release|Any CPU
		{F7333F25-3F92-43CD-A90C-106D0B7CAC6E}.Debug|Any CPU.ActiveCfg = Debug|Any CPU
		{F7333F25-3F92-43CD-A90C-106D0B7CAC6E}.Debug|Any CPU.Build.0 = Debug|Any CPU
		{F7333F25-3F92-43CD-A90C-106D0B7CAC6E}.Release|Any CPU.ActiveCfg = Release|Any CPU
		{F7333F25-3F92-43CD-A90C-106D0B7CAC6E}.Release|Any CPU.Build.0 = Release|Any CPU
		{108A0BB2-32C1-4C4C-A77A-82FB5CC2E650}.Debug|Any CPU.ActiveCfg = Debug|Any CPU
		{108A0BB2-32C1-4C4C-A77A-82FB5CC2E650}.Debug|Any CPU.Build.0 = Debug|Any CPU
		{108A0BB2-32C1-4C4C-A77A-82FB5CC2E650}.Release|Any CPU.ActiveCfg = Release|Any CPU
		{108A0BB2-32C1-4C4C-A77A-82FB5CC2E650}.Release|Any CPU.Build.0 = Release|Any CPU
		{AD779433-1266-4CBF-B3FE-3ADFB8A0FB2D}.Debug|Any CPU.ActiveCfg = Debug|Any CPU
		{AD779433-1266-4CBF-B3FE-3ADFB8A0FB2D}.Debug|Any CPU.Build.0 = Debug|Any CPU
		{AD779433-1266-4CBF-B3FE-3ADFB8A0FB2D}.Release|Any CPU.ActiveCfg = Release|Any CPU
		{AD779433-1266-4CBF-B3FE-3ADFB8A0FB2D}.Release|Any CPU.Build.0 = Release|Any CPU
		{0621FCDA-6915-4FCB-A690-937B04030E86}.Debug|Any CPU.ActiveCfg = Debug|Any CPU
		{0621FCDA-6915-4FCB-A690-937B04030E86}.Debug|Any CPU.Build.0 = Debug|Any CPU
		{0621FCDA-6915-4FCB-A690-937B04030E86}.Release|Any CPU.ActiveCfg = Release|Any CPU
		{0621FCDA-6915-4FCB-A690-937B04030E86}.Release|Any CPU.Build.0 = Release|Any CPU
		{630D508B-0408-4A78-AFB7-D63BA1913708}.Debug|Any CPU.ActiveCfg = Debug|Any CPU
		{630D508B-0408-4A78-AFB7-D63BA1913708}.Debug|Any CPU.Build.0 = Debug|Any CPU
		{630D508B-0408-4A78-AFB7-D63BA1913708}.Release|Any CPU.ActiveCfg = Release|Any CPU
		{630D508B-0408-4A78-AFB7-D63BA1913708}.Release|Any CPU.Build.0 = Release|Any CPU
		{1CF23F99-805A-44FA-B14F-29D12F092226}.Debug|Any CPU.ActiveCfg = Debug|Any CPU
		{1CF23F99-805A-44FA-B14F-29D12F092226}.Debug|Any CPU.Build.0 = Debug|Any CPU
		{1CF23F99-805A-44FA-B14F-29D12F092226}.Release|Any CPU.ActiveCfg = Release|Any CPU
		{1CF23F99-805A-44FA-B14F-29D12F092226}.Release|Any CPU.Build.0 = Release|Any CPU
		{22A5B321-7776-493B-9D5A-B7FD8601FBB6}.Debug|Any CPU.ActiveCfg = Debug|Any CPU
		{22A5B321-7776-493B-9D5A-B7FD8601FBB6}.Debug|Any CPU.Build.0 = Debug|Any CPU
		{22A5B321-7776-493B-9D5A-B7FD8601FBB6}.Release|Any CPU.ActiveCfg = Release|Any CPU
		{22A5B321-7776-493B-9D5A-B7FD8601FBB6}.Release|Any CPU.Build.0 = Release|Any CPU
		{26E10725-407F-43F5-8144-90F34E985158}.Debug|Any CPU.ActiveCfg = Debug|Any CPU
		{26E10725-407F-43F5-8144-90F34E985158}.Debug|Any CPU.Build.0 = Debug|Any CPU
		{26E10725-407F-43F5-8144-90F34E985158}.Release|Any CPU.ActiveCfg = Release|Any CPU
		{26E10725-407F-43F5-8144-90F34E985158}.Release|Any CPU.Build.0 = Release|Any CPU
	EndGlobalSection
	GlobalSection(SolutionProperties) = preSolution
		HideSolutionNode = FALSE
	EndGlobalSection
	GlobalSection(NestedProjects) = preSolution
		{D304B277-C7E8-450F-B9B7-52E68D78218D} = {840971B7-F509-4F62-8E6A-16E240396061}
		{F7333F25-3F92-43CD-A90C-106D0B7CAC6E} = {840971B7-F509-4F62-8E6A-16E240396061}
		{241D7D63-D368-43CD-AF0C-27AC6F59EA17} = {286F5546-AD40-4C7F-AD64-1270D9144DAF}
		{108A0BB2-32C1-4C4C-A77A-82FB5CC2E650} = {286F5546-AD40-4C7F-AD64-1270D9144DAF}
		{0621FCDA-6915-4FCB-A690-937B04030E86} = {ADFACAF3-48B6-4EBE-B237-1D16086E3104}
		{630D508B-0408-4A78-AFB7-D63BA1913708} = {ADFACAF3-48B6-4EBE-B237-1D16086E3104}
		{AD779433-1266-4CBF-B3FE-3ADFB8A0FB2D} = {B08781E8-5628-4125-A492-6A463A80E327}
		{1CF23F99-805A-44FA-B14F-29D12F092226} = {B08781E8-5628-4125-A492-6A463A80E327}
		{22A5B321-7776-493B-9D5A-B7FD8601FBB6} = {049996EF-8340-45D1-9C5B-F28610215AA3}
		{26E10725-407F-43F5-8144-90F34E985158} = {049996EF-8340-45D1-9C5B-F28610215AA3}
	EndGlobalSection
EndGlobal
